{
  "lockfile_version": "1",
  "packages": {
    "bashInteractive@latest": {
      "last_modified": "2024-09-14T17:15:42Z",
      "resolved": "github:NixOS/nixpkgs/d9d07251f12399413e6d33d5875a6f1994ef75a7#bashInteractive",
      "source": "devbox-search",
      "version": "5.2p32",
      "systems": {
        "aarch64-darwin": {
          "outputs": [
            {
              "name": "out",
              "path": "/nix/store/k69pyqgx9bzzwr24jg7v0bfiibhs2qmv-bash-interactive-5.2p32",
              "default": true
            },
            {
              "name": "man",
              "path": "/nix/store/hxzv4c3w1vskir74d4jiy3zmshsl2hks-bash-interactive-5.2p32-man",
              "default": true
            },
            {
              "name": "dev",
              "path": "/nix/store/bfdnl498mbmdqm2m7k48m7lf86xcfzbz-bash-interactive-5.2p32-dev"
            },
            {
              "name": "doc",
              "path": "/nix/store/45lhl7zgl0m3s2d2k9p7a8n33njc26b7-bash-interactive-5.2p32-doc"
            },
            {
              "name": "info",
              "path": "/nix/store/31nfdjadp6hp3xksm5dhray8ii2c4fvm-bash-interactive-5.2p32-info"
            }
          ],
          "store_path": "/nix/store/k69pyqgx9bzzwr24jg7v0bfiibhs2qmv-bash-interactive-5.2p32"
        },
        "aarch64-linux": {
          "outputs": [
            {
              "name": "out",
              "path": "/nix/store/hfss2yv14awzjkfl66ic14wn7szf5spi-bash-interactive-5.2p32",
              "default": true
            },
            {
              "name": "man",
              "path": "/nix/store/kbzsm55ipkkg0rhvcv1jspksxlhyq58g-bash-interactive-5.2p32-man",
              "default": true
            },
            {
              "name": "doc",
              "path": "/nix/store/iz8bcsrk04lvfxilglp8f8r9gsql4gcl-bash-interactive-5.2p32-doc"
            },
            {
              "name": "info",
              "path": "/nix/store/1bn32i0j547v3g8snzls517ni3qmvksy-bash-interactive-5.2p32-info"
            },
            {
              "name": "debug",
              "path": "/nix/store/z9q9k6fqdl0pli0nsc47n3yqyadhcrh8-bash-interactive-5.2p32-debug"
            },
            {
              "name": "dev",
              "path": "/nix/store/1mymikrvcysz5h5slhldl96a8dbgwc83-bash-interactive-5.2p32-dev"
            }
          ],
          "store_path": "/nix/store/hfss2yv14awzjkfl66ic14wn7szf5spi-bash-interactive-5.2p32"
        },
        "x86_64-darwin": {
          "outputs": [
            {
              "name": "out",
              "path": "/nix/store/3sqqd155i842l1siikplnq8r864ghvds-bash-interactive-5.2p32",
              "default": true
            },
            {
              "name": "man",
              "path": "/nix/store/fz3fh6fn1zpwgmhy6kfl20sqr6lnw2bv-bash-interactive-5.2p32-man",
              "default": true
            },
            {
              "name": "dev",
              "path": "/nix/store/r68n1x2m2p5jrnwrglhavhsf6cs90s0r-bash-interactive-5.2p32-dev"
            },
            {
              "name": "doc",
              "path": "/nix/store/5c84cwkm428xl3igh9swc5k2n5yp2z4g-bash-interactive-5.2p32-doc"
            },
            {
              "name": "info",
              "path": "/nix/store/xf448iq5a3f2nymcp9n1sxd81bhpfwfk-bash-interactive-5.2p32-info"
            }
          ],
          "store_path": "/nix/store/3sqqd155i842l1siikplnq8r864ghvds-bash-interactive-5.2p32"
        },
        "x86_64-linux": {
          "outputs": [
            {
              "name": "out",
              "path": "/nix/store/qqz0gj9iaidabp7g34r2fb9mds6ahk8i-bash-interactive-5.2p32",
              "default": true
            },
            {
              "name": "man",
              "path": "/nix/store/2akqrpqjp48hpbssqbx3cqbwry6kd393-bash-interactive-5.2p32-man",
              "default": true
            },
            {
              "name": "doc",
              "path": "/nix/store/641bdn8zynxn6jgfnrnzg2d2lv26124r-bash-interactive-5.2p32-doc"
            },
            {
              "name": "info",
              "path": "/nix/store/jl87wpmcn0dl9yzkq038lq21fvrfqkcb-bash-interactive-5.2p32-info"
            },
            {
              "name": "debug",
              "path": "/nix/store/vgvpxjhw5fjag0qfl902l12c3amhhpxm-bash-interactive-5.2p32-debug"
            },
            {
              "name": "dev",
              "path": "/nix/store/vh3vhwg8s5v1n019svwi6xzrn4jds047-bash-interactive-5.2p32-dev"
            }
          ],
          "store_path": "/nix/store/qqz0gj9iaidabp7g34r2fb9mds6ahk8i-bash-interactive-5.2p32"
        }
      }
    },
    "glibcLocales@latest": {
      "last_modified": "2024-09-10T15:01:03Z",
      "resolved": "github:NixOS/nixpkgs/5ed627539ac84809c78b2dd6d26a5cebeb5ae269#glibcLocales",
      "source": "devbox-search",
      "version": "2.39-52",
      "systems": {
        "aarch64-linux": {
          "outputs": [
            {
              "name": "out",
              "path": "/nix/store/5ayl9b7pj8s4424sjmvzpak3r3kilf2x-glibc-locales-2.39-52",
              "default": true
            }
          ],
          "store_path": "/nix/store/5ayl9b7pj8s4424sjmvzpak3r3kilf2x-glibc-locales-2.39-52"
        },
        "x86_64-linux": {
          "outputs": [
            {
              "name": "out",
              "path": "/nix/store/rhjqirbv6p5r6qaiill2k30bqdx84c62-glibc-locales-2.39-52",
              "default": true
            }
          ],
          "store_path": "/nix/store/rhjqirbv6p5r6qaiill2k30bqdx84c62-glibc-locales-2.39-52"
        }
      }
    },
    "libpqxx@latest": {
      "last_modified": "2024-09-10T15:01:03Z",
      "resolved": "github:NixOS/nixpkgs/5ed627539ac84809c78b2dd6d26a5cebeb5ae269#libpqxx",
      "source": "devbox-search",
      "version": "7.7.5",
      "systems": {
        "aarch64-darwin": {
          "outputs": [
            {
              "name": "out",
              "path": "/nix/store/z783gcn6wnnr5z234hxw4f0wflh51kkj-libpqxx-7.7.5",
              "default": true
            }
          ],
          "store_path": "/nix/store/z783gcn6wnnr5z234hxw4f0wflh51kkj-libpqxx-7.7.5"
        },
        "aarch64-linux": {
          "outputs": [
            {
              "name": "out",
              "path": "/nix/store/d1bdjdii06pab4m3fgljf7h46k6b2dia-libpqxx-7.7.5",
              "default": true
            }
          ],
          "store_path": "/nix/store/d1bdjdii06pab4m3fgljf7h46k6b2dia-libpqxx-7.7.5"
        },
        "x86_64-darwin": {
          "outputs": [
            {
              "name": "out",
              "path": "/nix/store/zwvq7vc5z3qsyk8xrb78bm9q2s7aplrm-libpqxx-7.7.5",
              "default": true
            }
          ],
          "store_path": "/nix/store/zwvq7vc5z3qsyk8xrb78bm9q2s7aplrm-libpqxx-7.7.5"
        },
        "x86_64-linux": {
          "outputs": [
            {
              "name": "out",
              "path": "/nix/store/31drxmj46mzypyp75viv4mi4527lazn2-libpqxx-7.7.5",
              "default": true
            }
          ],
          "store_path": "/nix/store/31drxmj46mzypyp75viv4mi4527lazn2-libpqxx-7.7.5"
        }
      }
    },
    "poetry@latest": {
      "last_modified": "2024-09-12T11:58:09Z",
      "plugin_version": "0.0.4",
      "resolved": "github:NixOS/nixpkgs/280db3decab4cbeb22a4599bd472229ab74d25e1#poetry",
      "source": "devbox-search",
      "version": "1.8.3",
      "systems": {
        "aarch64-darwin": {
          "outputs": [
            {
              "name": "out",
              "path": "/nix/store/3afd2hf59pqfcp89qv3dpigg1k4vdcqm-python3.12-poetry-1.8.3",
              "default": true
            },
            {
              "name": "dist",
              "path": "/nix/store/syx3946jkn35a48v21r0ivxb486ih11a-python3.12-poetry-1.8.3-dist"
            }
          ],
          "store_path": "/nix/store/3afd2hf59pqfcp89qv3dpigg1k4vdcqm-python3.12-poetry-1.8.3"
        },
        "aarch64-linux": {
          "outputs": [
            {
              "name": "out",
              "path": "/nix/store/yrbxp6p7y3rw2rsb876fh626im5qwm11-python3.12-poetry-1.8.3",
              "default": true
            },
            {
              "name": "dist",
              "path": "/nix/store/i3rhhqx707d9rs733fr6d78j4bdgxv18-python3.12-poetry-1.8.3-dist"
            }
          ],
          "store_path": "/nix/store/yrbxp6p7y3rw2rsb876fh626im5qwm11-python3.12-poetry-1.8.3"
        },
        "x86_64-darwin": {
          "outputs": [
            {
              "name": "out",
              "path": "/nix/store/zprd4igxqmqpx7sb5b855m03j3v9khl4-python3.12-poetry-1.8.3",
              "default": true
            },
            {
              "name": "dist",
              "path": "/nix/store/aks1ifxa9zh6x097psaawfw9hyfgxc4m-python3.12-poetry-1.8.3-dist"
            }
          ],
          "store_path": "/nix/store/zprd4igxqmqpx7sb5b855m03j3v9khl4-python3.12-poetry-1.8.3"
        },
        "x86_64-linux": {
          "outputs": [
            {
              "name": "out",
              "path": "/nix/store/wp31r8hkk6przh1wxmgk7qcqv49qn0rr-python3.12-poetry-1.8.3",
              "default": true
            },
            {
              "name": "dist",
              "path": "/nix/store/s344207rj40wlnqbb857i7jqrva8wfb0-python3.12-poetry-1.8.3-dist"
            }
          ],
          "store_path": "/nix/store/wp31r8hkk6przh1wxmgk7qcqv49qn0rr-python3.12-poetry-1.8.3"
        }
      }
    },
    "python310Packages.psycopg2@latest": {
      "last_modified": "2023-12-13T22:54:10Z",
      "resolved": "github:NixOS/nixpkgs/fd04bea4cbf76f86f244b9e2549fca066db8ddff#python310Packages.psycopg2",
      "source": "devbox-search",
      "version": "2.9.7",
      "systems": {
        "aarch64-darwin": {
          "outputs": [
            {
              "name": "out",
              "path": "/nix/store/mk1krvz61m94bwrgxq4sx23mch7l3ihn-python3.10-psycopg2-2.9.7",
              "default": true
            },
            {
              "name": "dist",
              "path": "/nix/store/jjapyprwdg3fwi2287ihs2vd33bgb810-python3.10-psycopg2-2.9.7-dist"
            },
            {
              "name": "doc",
              "path": "/nix/store/ij912gyrx6z5g7w64rgrbp0k6bn00j1z-python3.10-psycopg2-2.9.7-doc"
            }
          ],
          "store_path": "/nix/store/mk1krvz61m94bwrgxq4sx23mch7l3ihn-python3.10-psycopg2-2.9.7"
        },
        "aarch64-linux": {
          "outputs": [
            {
              "name": "out",
              "path": "/nix/store/nwib7r5gpx8gcmkic1sjvwwglvs05jdj-python3.10-psycopg2-2.9.7",
              "default": true
            },
            {
              "name": "dist",
              "path": "/nix/store/46yd6ryxmybcar4mwrnjra3kqjxm26sh-python3.10-psycopg2-2.9.7-dist"
            },
            {
              "name": "doc",
              "path": "/nix/store/qy917hhmv21a46zajrq9rz74g7nag8kv-python3.10-psycopg2-2.9.7-doc"
            }
          ],
          "store_path": "/nix/store/nwib7r5gpx8gcmkic1sjvwwglvs05jdj-python3.10-psycopg2-2.9.7"
        },
        "x86_64-darwin": {
          "outputs": [
            {
              "name": "out",
              "path": "/nix/store/kkn1kgppbbls0p3a8ch8ifamaxfhpvbz-python3.10-psycopg2-2.9.7",
              "default": true
            },
            {
              "name": "dist",
              "path": "/nix/store/s0pz82j9q38wgrrvpiar6j3n0zwfv4zv-python3.10-psycopg2-2.9.7-dist"
            },
            {
              "name": "doc",
              "path": "/nix/store/n6zzcz8nf1ap4dlzn0cddzflwlpzzq7f-python3.10-psycopg2-2.9.7-doc"
            }
          ],
          "store_path": "/nix/store/kkn1kgppbbls0p3a8ch8ifamaxfhpvbz-python3.10-psycopg2-2.9.7"
        },
        "x86_64-linux": {
          "outputs": [
            {
              "name": "out",
              "path": "/nix/store/nfqwlh2j3rf5sl0hjgivr30a3mkqjhvg-python3.10-psycopg2-2.9.7",
              "default": true
            },
            {
              "name": "dist",
              "path": "/nix/store/z7rr64z51zycpjir8psyaw3ndg10dc7q-python3.10-psycopg2-2.9.7-dist"
            },
            {
              "name": "doc",
              "path": "/nix/store/4ciypm3b3rq8akaaiw2wyy174qnwrgln-python3.10-psycopg2-2.9.7-doc"
            }
          ],
          "store_path": "/nix/store/nfqwlh2j3rf5sl0hjgivr30a3mkqjhvg-python3.10-psycopg2-2.9.7"
        }
      }
    },
    "python@3.10": {
      "last_modified": "2024-09-12T02:28:40Z",
      "plugin_version": "0.0.3",
      "resolved": "github:NixOS/nixpkgs/111ed8812c10d7dc3017de46cbf509600c93f551#python310",
      "source": "devbox-search",
      "version": "3.10.15",
      "systems": {
        "aarch64-darwin": {
          "outputs": [
            {
              "name": "out",
              "path": "/nix/store/r26gjy09nhlai4xwxk24v19987mamgvx-python3-3.10.15",
              "default": true
            }
          ],
          "store_path": "/nix/store/r26gjy09nhlai4xwxk24v19987mamgvx-python3-3.10.15"
        },
        "aarch64-linux": {
          "outputs": [
            {
              "name": "out",
              "path": "/nix/store/gff35lhwxp2szvq25anxjysgvpsbccks-python3-3.10.15",
              "default": true
            },
            {
              "name": "debug",
              "path": "/nix/store/kiv3idpk051f04lqi5f5cwgg6gk1dkni-python3-3.10.15-debug"
            }
          ],
          "store_path": "/nix/store/gff35lhwxp2szvq25anxjysgvpsbccks-python3-3.10.15"
        },
        "x86_64-darwin": {
          "outputs": [
            {
              "name": "out",
              "path": "/nix/store/vixfzsfryg9qfk7ni7sjp142qx4ynwyp-python3-3.10.15",
              "default": true
            }
          ],
          "store_path": "/nix/store/vixfzsfryg9qfk7ni7sjp142qx4ynwyp-python3-3.10.15"
        },
        "x86_64-linux": {
          "outputs": [
            {
              "name": "out",
              "path": "/nix/store/9k4c0sawwdw6q920y1ndj4jrd0ay3gsa-python3-3.10.15",
              "default": true
            },
            {
              "name": "debug",
              "path": "/nix/store/7ajzmmcc9avk5np7kijwg52d8dzwhbkf-python3-3.10.15-debug"
            }
          ],
          "store_path": "/nix/store/9k4c0sawwdw6q920y1ndj4jrd0ay3gsa-python3-3.10.15"
        }
      }
    },
    "sedutil@latest": {
      "last_modified": "2024-09-12T11:58:09Z",
      "resolved": "github:NixOS/nixpkgs/280db3decab4cbeb22a4599bd472229ab74d25e1#sedutil",
      "source": "devbox-search",
      "version": "1.20.0",
      "systems": {
        "aarch64-linux": {
          "outputs": [
            {
              "name": "out",
              "path": "/nix/store/jk85a0k9hsz2lnbf8787q8j3bm4iq5pr-sedutil-1.20.0",
              "default": true
            }
          ],
          "store_path": "/nix/store/jk85a0k9hsz2lnbf8787q8j3bm4iq5pr-sedutil-1.20.0"
        },
        "x86_64-linux": {
          "outputs": [
            {
              "name": "out",
              "path": "/nix/store/3j6wcz1480r5vnr7x7kv4h1ayw6p6xgx-sedutil-1.20.0",
              "default": true
            }
          ],
          "store_path": "/nix/store/3j6wcz1480r5vnr7x7kv4h1ayw6p6xgx-sedutil-1.20.0"
        }
      }
    }
  }
}
